PODS:
  - Realm (4.3.1):
    - Realm/Headers (= 4.3.1)
  - Realm/Headers (4.3.1)
  - RealmSwift (4.3.1):
    - Realm (= 4.3.1)
  - SwiftDate (6.3.1)
  - SwiftLint (0.41.0)

DEPENDENCIES:
  - RealmSwift (= 4.3.1)
  - SwiftDate
  - SwiftLint

SPEC REPOS:
  trunk:
    - Realm
    - RealmSwift
    - SwiftDate
    - SwiftLint

SPEC CHECKSUMS:
  Realm: 31dc40934081ef740f60feedc46d88473cbfeb40
  RealmSwift: b5199e9a41f67b99f51acf6874a6166f5fbe93d1
  SwiftDate: 72d28954e8e1c6c1c0f917ccc8005e4f83c7d4b2
  SwiftLint: c585ebd615d9520d7fbdbe151f527977b0534f1e

PODFILE CHECKSUM: a207f7857a16b68e9b9f86cb0879da5aa73a4ce4

COCOAPODS: 1.11.2
